
Microsoft Visual Studio Solution File, Format Version 12.00
# Visual Studio 15
Project("{FAE04EC0-301F-11D3-BF4B-00C04F79EFBC}") = "travelpack.Android", "travelpack.Android\travelpack.Android.csproj", "{83AB8030-A289-452B-98F0-45ECA26ABEEE}"
EndProject
Project("{FAE04EC0-301F-11D3-BF4B-00C04F79EFBC}") = "travelpack.iOS", "travelpack.iOS\travelpack.iOS.csproj", "{EA2F4983-D26E-4957-BFB7-C961CBF4E158}"
EndProject
Project("{FAE04EC0-301F-11D3-BF4B-00C04F79EFBC}") = "travelpack", "travelpack\travelpack.csproj", "{A99B0FFE-080B-4AFE-82CA-6B0338290E19}"
EndProject
Global
	GlobalSection(SolutionConfigurationPlatforms) = preSolution
		Debug|Any CPU = Debug|Any CPU
		Release|Any CPU = Release|Any CPU
		Debug|iPhoneSimulator = Debug|iPhoneSimulator
		Release|iPhoneSimulator = Release|iPhoneSimulator
		Debug|iPhone = Debug|iPhone
		Release|iPhone = Release|iPhone
	EndGlobalSection
	GlobalSection(ProjectConfigurationPlatforms) = postSolution
		{83AB8030-A289-452B-98F0-45ECA26ABEEE}.Debug|Any CPU.ActiveCfg = Debug|Any CPU
		{83AB8030-A289-452B-98F0-45ECA26ABEEE}.Debug|Any CPU.Build.0 = Debug|Any CPU
		{83AB8030-A289-452B-98F0-45ECA26ABEEE}.Release|Any CPU.ActiveCfg = Release|Any CPU
		{83AB8030-A289-452B-98F0-45ECA26ABEEE}.Release|Any CPU.Build.0 = Release|Any CPU
		{83AB8030-A289-452B-98F0-45ECA26ABEEE}.Debug|iPhoneSimulator.ActiveCfg = Debug|Any CPU
		{83AB8030-A289-452B-98F0-45ECA26ABEEE}.Debug|iPhoneSimulator.Build.0 = Debug|Any CPU
		{83AB8030-A289-452B-98F0-45ECA26ABEEE}.Release|iPhoneSimulator.ActiveCfg = Release|Any CPU
		{83AB8030-A289-452B-98F0-45ECA26ABEEE}.Release|iPhoneSimulator.Build.0 = Release|Any CPU
		{83AB8030-A289-452B-98F0-45ECA26ABEEE}.Debug|iPhone.ActiveCfg = Debug|Any CPU
		{83AB8030-A289-452B-98F0-45ECA26ABEEE}.Debug|iPhone.Build.0 = Debug|Any CPU
		{83AB8030-A289-452B-98F0-45ECA26ABEEE}.Release|iPhone.ActiveCfg = Release|Any CPU
		{83AB8030-A289-452B-98F0-45ECA26ABEEE}.Release|iPhone.Build.0 = Release|Any CPU
		{EA2F4983-D26E-4957-BFB7-C961CBF4E158}.Debug|Any CPU.ActiveCfg = Debug|iPhoneSimulator
		{EA2F4983-D26E-4957-BFB7-C961CBF4E158}.Debug|Any CPU.Build.0 = Debug|iPhoneSimulator
		{EA2F4983-D26E-4957-BFB7-C961CBF4E158}.Release|Any CPU.ActiveCfg = Release|iPhoneSimulator
		{EA2F4983-D26E-4957-BFB7-C961CBF4E158}.Release|Any CPU.Build.0 = Release|iPhoneSimulator
		{EA2F4983-D26E-4957-BFB7-C961CBF4E158}.Debug|iPhoneSimulator.ActiveCfg = Debug|iPhoneSimulator
		{EA2F4983-D26E-4957-BFB7-C961CBF4E158}.Debug|iPhoneSimulator.Build.0 = Debug|iPhoneSimulator
		{EA2F4983-D26E-4957-BFB7-C961CBF4E158}.Release|iPhoneSimulator.ActiveCfg = Release|iPhoneSimulator
		{EA2F4983-D26E-4957-BFB7-C961CBF4E158}.Release|iPhoneSimulator.Build.0 = Release|iPhoneSimulator
		{EA2F4983-D26E-4957-BFB7-C961CBF4E158}.Debug|iPhone.ActiveCfg = Debug|iPhone
		{EA2F4983-D26E-4957-BFB7-C961CBF4E158}.Debug|iPhone.Build.0 = Debug|iPhone
		{EA2F4983-D26E-4957-BFB7-C961CBF4E158}.Release|iPhone.ActiveCfg = Release|iPhone
		{EA2F4983-D26E-4957-BFB7-C961CBF4E158}.Release|iPhone.Build.0 = Release|iPhone
		{A99B0FFE-080B-4AFE-82CA-6B0338290E19}.Debug|Any CPU.ActiveCfg = Debug|Any CPU
		{A99B0FFE-080B-4AFE-82CA-6B0338290E19}.Debug|Any CPU.Build.0 = Debug|Any CPU
		{A99B0FFE-080B-4AFE-82CA-6B0338290E19}.Release|Any CPU.ActiveCfg = Release|Any CPU
		{A99B0FFE-080B-4AFE-82CA-6B0338290E19}.Release|Any CPU.Build.0 = Release|Any CPU
		{A99B0FFE-080B-4AFE-82CA-6B0338290E19}.Debug|iPhoneSimulator.ActiveCfg = Debug|Any CPU
		{A99B0FFE-080B-4AFE-82CA-6B0338290E19}.Debug|iPhoneSimulator.Build.0 = Debug|Any CPU
		{A99B0FFE-080B-4AFE-82CA-6B0338290E19}.Release|iPhoneSimulator.ActiveCfg = Release|Any CPU
		{A99B0FFE-080B-4AFE-82CA-6B0338290E19}.Release|iPhoneSimulator.Build.0 = Release|Any CPU
		{A99B0FFE-080B-4AFE-82CA-6B0338290E19}.Debug|iPhone.ActiveCfg = Debug|Any CPU
		{A99B0FFE-080B-4AFE-82CA-6B0338290E19}.Debug|iPhone.Build.0 = Debug|Any CPU
		{A99B0FFE-080B-4AFE-82CA-6B0338290E19}.Release|iPhone.ActiveCfg = Release|Any CPU
		{A99B0FFE-080B-4AFE-82CA-6B0338290E19}.Release|iPhone.Build.0 = Release|Any CPU
	EndGlobalSection
EndGlobal
